<?xml version="1.0" encoding="utf-8"?>
<Project ToolsVersion="4.0" xmlns="http://schemas.microsoft.com/developer/msbuild/2003">
  <ItemGroup>
    <Filter Include="base">
      <UniqueIdentifier>{81ab3847-2894-4251-856b-66f39b090229}</UniqueIdentifier>
    </Filter>
    <Filter Include="r2">
      <UniqueIdentifier>{fcf9b28f-6f2a-4644-b365-01d919e85a1c}</UniqueIdentifier>
    </Filter>
    <Filter Include="input">
      <UniqueIdentifier>{59856341-1623-4080-9a5d-44841072825a}</UniqueIdentifier>
    </Filter>
    <Filter Include="render">
      <UniqueIdentifier>{be80c73b-e527-4390-b97a-375d1ec30d49}</UniqueIdentifier>
    </Filter>
    <Filter Include="project_mini_rogue">
      <UniqueIdentifier>{8ac33765-6b0b-4ce1-98f2-d0be2626b971}</UniqueIdentifier>
    </Filter>
    <Filter Include="project_2048">
      <UniqueIdentifier>{83829a05-c572-4c01-9999-4ab853a313d6}</UniqueIdentifier>
    </Filter>
    <Filter Include="utility">
      <UniqueIdentifier>{4430c7e5-e333-4513-b7f9-7d57eae00a27}</UniqueIdentifier>
    </Filter>
    <Filter Include="component">
      <UniqueIdentifier>{6a09edd5-e8d0-43fb-96fe-0494bd0fec79}</UniqueIdentifier>
    </Filter>
    <Filter Include="node">
      <UniqueIdentifier>{21b9e532-178c-45e7-b937-a1385b5865b8}</UniqueIdentifier>
    </Filter>
    <Filter Include="r2cm">
      <UniqueIdentifier>{332270fb-7af5-4a37-a62b-23bc3e6c6758}</UniqueIdentifier>
    </Filter>
    <Filter Include="animation">
      <UniqueIdentifier>{389aa71b-e398-4880-a05b-49418b94b111}</UniqueIdentifier>
    </Filter>
    <Filter Include="action">
      <UniqueIdentifier>{ee60f5df-9b2d-4277-8584-b3e8bd176866}</UniqueIdentifier>
    </Filter>
    <Filter Include="test">
      <UniqueIdentifier>{1cd71849-42fd-4beb-8c36-ee216acfc014}</UniqueIdentifier>
    </Filter>
    <Filter Include="test\test_r2bix">
      <UniqueIdentifier>{ce01231e-9d83-4225-aab5-74e589fae17f}</UniqueIdentifier>
    </Filter>
    <Filter Include="test\test_r2bix\menu">
      <UniqueIdentifier>{fdb3fed2-ae28-4b60-9c74-0a33c59c9506}</UniqueIdentifier>
    </Filter>
    <Filter Include="test\test_r2bix\item">
      <UniqueIdentifier>{ad1df904-b64d-41ca-a907-6962189f53d8}</UniqueIdentifier>
    </Filter>
    <Filter Include="test\test_p2048">
      <UniqueIdentifier>{7de582aa-318a-47da-a465-6de9e7fa58fa}</UniqueIdentifier>
    </Filter>
    <Filter Include="test\test_p2048\item">
      <UniqueIdentifier>{029abc21-134e-479c-b376-003fd3d4e96c}</UniqueIdentifier>
    </Filter>
    <Filter Include="test\test_p2048\menu">
      <UniqueIdentifier>{f48b1811-7d1d-480d-b008-6caf3b358e27}</UniqueIdentifier>
    </Filter>
  </ItemGroup>
  <ItemGroup>
    <ClCompile Include="src\main.cpp" />
    <ClCompile Include="src\pch.cpp" />
    <ClCompile Include="src\r2\r2_Timer_Float.cpp">
      <Filter>r2</Filter>
    </ClCompile>
    <ClCompile Include="src\input\r2input_Constant.cpp">
      <Filter>input</Filter>
    </ClCompile>
    <ClCompile Include="src\input\r2input_KeyboardInputCollector.cpp">
      <Filter>input</Filter>
    </ClCompile>
    <ClCompile Include="src\input\r2input_KeyboardInputListener.cpp">
      <Filter>input</Filter>
    </ClCompile>
    <ClCompile Include="src\base\r2base_Director.cpp">
      <Filter>base</Filter>
    </ClCompile>
    <ClCompile Include="src\render\r2_GridIndexConverter.cpp">
      <Filter>render</Filter>
    </ClCompile>
    <ClCompile Include="src\render\r2render_Camera.cpp">
      <Filter>render</Filter>
    </ClCompile>
    <ClCompile Include="src\render\r2render_Texture.cpp">
      <Filter>render</Filter>
    </ClCompile>
    <ClCompile Include="src\render\r2render_TextureFrame.cpp">
      <Filter>render</Filter>
    </ClCompile>
    <ClCompile Include="src\pmr\pmr_CompanyScene.cpp">
      <Filter>project_mini_rogue</Filter>
    </ClCompile>
    <ClCompile Include="src\p2048\p2048_CompanyScene.cpp">
      <Filter>project_2048</Filter>
    </ClCompile>
    <ClCompile Include="src\utility\r2utility_WindowUtil.cpp">
      <Filter>utility</Filter>
    </ClCompile>
    <ClCompile Include="src\base\r2base_Node.cpp">
      <Filter>base</Filter>
    </ClCompile>
    <ClCompile Include="src\component\r2component_TransformComponent.cpp">
      <Filter>component</Filter>
    </ClCompile>
    <ClCompile Include="src\base\r2base_DebugConfig.cpp">
      <Filter>base</Filter>
    </ClCompile>
    <ClCompile Include="src\node\r2node_LabelNode.cpp">
      <Filter>node</Filter>
    </ClCompile>
    <ClCompile Include="src\node\r2node_SceneNode.cpp">
      <Filter>node</Filter>
    </ClCompile>
    <ClCompile Include="src\node\r2node_SpriteNode.cpp">
      <Filter>node</Filter>
    </ClCompile>
    <ClCompile Include="src\base\r2base_ScreenBufferManager.cpp">
      <Filter>base</Filter>
    </ClCompile>
    <ClCompile Include="src\base\r2base_CoutBufferRedirector.cpp">
      <Filter>base</Filter>
    </ClCompile>
    <ClCompile Include="src\p2048\p2048table_TextureTable.cpp">
      <Filter>project_2048</Filter>
    </ClCompile>
    <ClCompile Include="src\component\r2component_TextureFrameRenderComponent.cpp">
      <Filter>component</Filter>
    </ClCompile>
    <ClCompile Include="src\r2cm\r2cm_Director.cpp">
      <Filter>r2cm</Filter>
    </ClCompile>
    <ClCompile Include="src\r2cm\r2cm_Menu.cpp">
      <Filter>r2cm</Filter>
    </ClCompile>
    <ClCompile Include="src\r2\r2_FPSTimer.cpp">
      <Filter>r2</Filter>
    </ClCompile>
    <ClCompile Include="src\utility\r2utility_StringBuilder.cpp">
      <Filter>utility</Filter>
    </ClCompile>
    <ClCompile Include="src\p2048\p2048_EntryScene.cpp">
      <Filter>project_2048</Filter>
    </ClCompile>
    <ClCompile Include="src\component\r2component_LabelComponent.cpp">
      <Filter>component</Filter>
    </ClCompile>
    <ClCompile Include="src\component\r2component_TextureRenderComponent.cpp">
      <Filter>component</Filter>
    </ClCompile>
    <ClCompile Include="src\component\r2component_TextureFrameAnimationComponent.cpp">
      <Filter>component</Filter>
    </ClCompile>
    <ClCompile Include="src\base\r2base_TextureTableBase.cpp">
      <Filter>base</Filter>
    </ClCompile>
    <ClCompile Include="src\animation\r2animation_constant.cpp">
      <Filter>animation</Filter>
    </ClCompile>
    <ClCompile Include="src\base\r2base_TextureFrameAnimationTableBase.cpp">
      <Filter>base</Filter>
    </ClCompile>
    <ClCompile Include="src\base\r2base_TextureFrameAnimationInfo.cpp">
      <Filter>base</Filter>
    </ClCompile>
    <ClCompile Include="src\node\r2node_SpriteAnimationNode.cpp">
      <Filter>node</Filter>
    </ClCompile>
    <ClCompile Include="src\p2048\p2048table_TextureFrameAnimationTable.cpp">
      <Filter>project_2048</Filter>
    </ClCompile>
    <ClCompile Include="src\p2048\p2048_TitleScene.cpp">
      <Filter>project_2048</Filter>
    </ClCompile>
    <ClCompile Include="src\r2\r2_Size_Int.cpp">
      <Filter>r2</Filter>
    </ClCompile>
    <ClCompile Include="src\r2\r2_Point_Int.cpp">
      <Filter>r2</Filter>
    </ClCompile>
    <ClCompile Include="src\r2\r2_Point_Float.cpp">
      <Filter>r2</Filter>
    </ClCompile>
    <ClCompile Include="src\component\r2component_ActionProcessComponent.cpp">
      <Filter>component</Filter>
    </ClCompile>
    <ClCompile Include="src\action\r2action_MoveByAction.cpp">
      <Filter>action</Filter>
    </ClCompile>
    <ClCompile Include="src\r2\r2_Rect_Int.cpp">
      <Filter>r2</Filter>
    </ClCompile>
    <ClCompile Include="src\action\r2action_TickAction.cpp">
      <Filter>action</Filter>
    </ClCompile>
    <ClCompile Include="src\action\r2action_SequenceAction.cpp">
      <Filter>action</Filter>
    </ClCompile>
    <ClCompile Include="src\action\r2action_RepeatAction.cpp">
      <Filter>action</Filter>
    </ClCompile>
    <ClCompile Include="src\action\r2action_DelayAction.cpp">
      <Filter>action</Filter>
    </ClCompile>
    <ClCompile Include="src\p2048\p2048_GameScene.cpp">
      <Filter>project_2048</Filter>
    </ClCompile>
    <ClCompile Include="src\action\r2action_BlinkAction.cpp">
      <Filter>action</Filter>
    </ClCompile>
    <ClCompile Include="src\action\r2action_CallbackAction.cpp">
      <Filter>action</Filter>
    </ClCompile>
    <ClCompile Include="src\r2\r2_Random.cpp">
      <Filter>r2</Filter>
    </ClCompile>
    <ClCompile Include="src\action\r2action_AnimationRequestAction.cpp">
      <Filter>action</Filter>
    </ClCompile>
    <ClCompile Include="src\node\r2node_PivotNode.cpp">
      <Filter>node</Filter>
    </ClCompile>
    <ClCompile Include="src\component\r2component_PivotComponent.cpp">
      <Filter>component</Filter>
    </ClCompile>
    <ClCompile Include="src\test\test_r2bix\item\action_test.cpp">
      <Filter>test\test_r2bix\item</Filter>
    </ClCompile>
    <ClCompile Include="src\test\test_r2bix\item\camera_test.cpp">
      <Filter>test\test_r2bix\item</Filter>
    </ClCompile>
    <ClCompile Include="src\test\test_r2bix\item\component_test.cpp">
      <Filter>test\test_r2bix\item</Filter>
    </ClCompile>
    <ClCompile Include="src\test\test_r2bix\item\console_screen_buffer_manager_test.cpp">
      <Filter>test\test_r2bix\item</Filter>
    </ClCompile>
    <ClCompile Include="src\test\test_r2bix\item\console_screen_buffer_test.cpp">
      <Filter>test\test_r2bix\item</Filter>
    </ClCompile>
    <ClCompile Include="src\test\test_r2bix\item\key_test.cpp">
      <Filter>test\test_r2bix\item</Filter>
    </ClCompile>
    <ClCompile Include="src\test\test_r2bix\item\node_test.cpp">
      <Filter>test\test_r2bix\item</Filter>
    </ClCompile>
    <ClCompile Include="src\test\test_r2bix\item\rect_test.cpp">
      <Filter>test\test_r2bix\item</Filter>
    </ClCompile>
    <ClCompile Include="src\test\test_r2bix\item\render_test.cpp">
      <Filter>test\test_r2bix\item</Filter>
    </ClCompile>
    <ClCompile Include="src\test\test_r2bix\item\texture_frame_test.cpp">
      <Filter>test\test_r2bix\item</Filter>
    </ClCompile>
    <ClCompile Include="src\test\test_r2bix\item\texture_table_test.cpp">
      <Filter>test\test_r2bix\item</Filter>
    </ClCompile>
    <ClCompile Include="src\test\test_r2bix\item\texture_test.cpp">
      <Filter>test\test_r2bix\item</Filter>
    </ClCompile>
    <ClCompile Include="src\test\test_r2bix\item\visible_resource_research.cpp">
      <Filter>test\test_r2bix\item</Filter>
    </ClCompile>
    <ClCompile Include="src\test\test_r2bix\item\window_input_test.cpp">
      <Filter>test\test_r2bix\item</Filter>
    </ClCompile>
    <ClCompile Include="src\test\test_r2bix\menu\ActionMenu.cpp">
      <Filter>test\test_r2bix\menu</Filter>
    </ClCompile>
    <ClCompile Include="src\test\test_r2bix\menu\CameraMenu.cpp">
      <Filter>test\test_r2bix\menu</Filter>
    </ClCompile>
    <ClCompile Include="src\test\test_r2bix\menu\ComponentMenu.cpp">
      <Filter>test\test_r2bix\menu</Filter>
    </ClCompile>
    <ClCompile Include="src\test\test_r2bix\menu\InputMenu.cpp">
      <Filter>test\test_r2bix\menu</Filter>
    </ClCompile>
    <ClCompile Include="src\test\test_r2bix\menu\NodeMenu.cpp">
      <Filter>test\test_r2bix\menu</Filter>
    </ClCompile>
    <ClCompile Include="src\test\test_r2bix\menu\TextureMenu.cpp">
      <Filter>test\test_r2bix\menu</Filter>
    </ClCompile>
    <ClCompile Include="src\test\test_r2bix\TextureFrameAnimationTable4Test.cpp">
      <Filter>test\test_r2bix</Filter>
    </ClCompile>
    <ClCompile Include="src\test\test_r2bix\TextureTable4Test.cpp">
      <Filter>test\test_r2bix</Filter>
    </ClCompile>
    <ClCompile Include="src\test\TestMainMenu.cpp">
      <Filter>test</Filter>
    </ClCompile>
    <ClCompile Include="src\test\test_p2048\TestP2048RootMenu.cpp">
      <Filter>test\test_p2048</Filter>
    </ClCompile>
    <ClCompile Include="src\test\test_r2bix\TestR2bixRootMenu.cpp">
      <Filter>test\test_r2bix</Filter>
    </ClCompile>
    <ClCompile Include="src\p2048\p2048_NumberNode.cpp">
      <Filter>project_2048</Filter>
    </ClCompile>
    <ClCompile Include="src\p2048\p2048_NumberComponent.cpp">
      <Filter>project_2048</Filter>
    </ClCompile>
    <ClCompile Include="src\test\test_p2048\item\test_number_node.cpp">
      <Filter>test\test_p2048\item</Filter>
    </ClCompile>
    <ClCompile Include="src\test\Utility4Test.cpp">
      <Filter>test</Filter>
    </ClCompile>
    <ClCompile Include="src\component\r2component_CustomTextureComponent.cpp">
      <Filter>component</Filter>
    </ClCompile>
    <ClCompile Include="src\node\r2node_CustomTextureNode.cpp">
      <Filter>node</Filter>
    </ClCompile>
  </ItemGroup>
  <ItemGroup>
    <ClInclude Include="src\pch.h" />
    <ClInclude Include="src\r2\r2_Point.h">
      <Filter>r2</Filter>
    </ClInclude>
    <ClInclude Include="src\r2\r2_Rect.h">
      <Filter>r2</Filter>
    </ClInclude>
    <ClInclude Include="src\r2\r2_Size.h">
      <Filter>r2</Filter>
    </ClInclude>
    <ClInclude Include="src\r2\r2_Timer.h">
      <Filter>r2</Filter>
    </ClInclude>
    <ClInclude Include="src\r2\r2_Timer_Float.h">
      <Filter>r2</Filter>
    </ClInclude>
    <ClInclude Include="src\input\r2input_Constant.h">
      <Filter>input</Filter>
    </ClInclude>
    <ClInclude Include="src\input\r2input_KeyboardInputCollector.h">
      <Filter>input</Filter>
    </ClInclude>
    <ClInclude Include="src\input\r2input_KeyboardInputListener.h">
      <Filter>input</Filter>
    </ClInclude>
    <ClInclude Include="src\base\r2base_Director.h">
      <Filter>base</Filter>
    </ClInclude>
    <ClInclude Include="src\render\r2_GridIndexConverter.h">
      <Filter>render</Filter>
    </ClInclude>
    <ClInclude Include="src\render\r2render_Camera.h">
      <Filter>render</Filter>
    </ClInclude>
    <ClInclude Include="src\render\r2render_iRenderTarget.h">
      <Filter>render</Filter>
    </ClInclude>
    <ClInclude Include="src\render\r2render_Texture.h">
      <Filter>render</Filter>
    </ClInclude>
    <ClInclude Include="src\render\r2render_TextureFrame.h">
      <Filter>render</Filter>
    </ClInclude>
    <ClInclude Include="src\pmr\pmr_CompanyScene.h">
      <Filter>project_mini_rogue</Filter>
    </ClInclude>
    <ClInclude Include="src\p2048\p2048_CompanyScene.h">
      <Filter>project_2048</Filter>
    </ClInclude>
    <ClInclude Include="src\utility\r2utility_WindowUtil.h">
      <Filter>utility</Filter>
    </ClInclude>
    <ClInclude Include="src\base\r2base_Node.h">
      <Filter>base</Filter>
    </ClInclude>
    <ClInclude Include="src\component\r2component_TransformComponent.h">
      <Filter>component</Filter>
    </ClInclude>
    <ClInclude Include="src\base\r2base_Component.h">
      <Filter>base</Filter>
    </ClInclude>
    <ClInclude Include="src\base\r2base_DebugConfig.h">
      <Filter>base</Filter>
    </ClInclude>
    <ClInclude Include="src\node\r2node_LabelNode.h">
      <Filter>node</Filter>
    </ClInclude>
    <ClInclude Include="src\node\r2node_SceneNode.h">
      <Filter>node</Filter>
    </ClInclude>
    <ClInclude Include="src\node\r2node_SpriteNode.h">
      <Filter>node</Filter>
    </ClInclude>
    <ClInclude Include="src\base\r2base_ScreenBufferManager.h">
      <Filter>base</Filter>
    </ClInclude>
    <ClInclude Include="src\base\r2base_CoutBufferRedirector.h">
      <Filter>base</Filter>
    </ClInclude>
    <ClInclude Include="src\p2048\p2048table_TextureTable.h">
      <Filter>project_2048</Filter>
    </ClInclude>
    <ClInclude Include="src\component\r2component_TextureFrameRenderComponent.h">
      <Filter>component</Filter>
    </ClInclude>
    <ClInclude Include="src\r2\r2_Inspector.h">
      <Filter>r2</Filter>
    </ClInclude>
    <ClInclude Include="src\r2cm\r2cm_Director.h">
      <Filter>r2cm</Filter>
    </ClInclude>
    <ClInclude Include="src\r2cm\r2cm_eTestEndAction.h">
      <Filter>r2cm</Filter>
    </ClInclude>
    <ClInclude Include="src\r2cm\r2cm_iItem.h">
      <Filter>r2cm</Filter>
    </ClInclude>
    <ClInclude Include="src\r2cm\r2cm_Menu.h">
      <Filter>r2cm</Filter>
    </ClInclude>
    <ClInclude Include="src\r2\r2_Singleton.h">
      <Filter>r2</Filter>
    </ClInclude>
    <ClInclude Include="src\r2\r2_FPSTimer.h">
      <Filter>r2</Filter>
    </ClInclude>
    <ClInclude Include="src\utility\r2utility_StringBuilder.h">
      <Filter>utility</Filter>
    </ClInclude>
    <ClInclude Include="src\p2048\p2048_EntryScene.h">
      <Filter>project_2048</Filter>
    </ClInclude>
    <ClInclude Include="src\component\r2component_LabelComponent.h">
      <Filter>component</Filter>
    </ClInclude>
    <ClInclude Include="src\component\r2component_TextureRenderComponent.h">
      <Filter>component</Filter>
    </ClInclude>
    <ClInclude Include="src\base\r2base_ComponentStaticID.h">
      <Filter>base</Filter>
    </ClInclude>
    <ClInclude Include="src\component\r2component_TextureFrameAnimationComponent.h">
      <Filter>component</Filter>
    </ClInclude>
    <ClInclude Include="src\base\r2base_TextureTableBase.h">
      <Filter>base</Filter>
    </ClInclude>
    <ClInclude Include="src\base\r2base_TextureFrameAnimationTableBase.h">
      <Filter>base</Filter>
    </ClInclude>
    <ClInclude Include="src\animation\r2animation_constant.h">
      <Filter>animation</Filter>
    </ClInclude>
    <ClInclude Include="src\base\r2base_TextureFrameAnimationInfo.h">
      <Filter>base</Filter>
    </ClInclude>
    <ClInclude Include="src\node\r2node_SpriteAnimationNode.h">
      <Filter>node</Filter>
    </ClInclude>
    <ClInclude Include="src\p2048\p2048table_TextureFrameAnimationTable.h">
      <Filter>project_2048</Filter>
    </ClInclude>
    <ClInclude Include="src\p2048\p2048_TitleScene.h">
      <Filter>project_2048</Filter>
    </ClInclude>
    <ClInclude Include="src\r2\r2_Size_Int.h">
      <Filter>r2</Filter>
    </ClInclude>
    <ClInclude Include="src\r2\r2_Point_Int.h">
      <Filter>r2</Filter>
    </ClInclude>
    <ClInclude Include="src\r2\r2_Point_Float.h">
      <Filter>r2</Filter>
    </ClInclude>
    <ClInclude Include="src\r2\r2_UniqueIndex.h">
      <Filter>r2</Filter>
    </ClInclude>
    <ClInclude Include="src\component\r2component_ActionProcessComponent.h">
      <Filter>component</Filter>
    </ClInclude>
    <ClInclude Include="src\base\r2base_Action.h">
      <Filter>base</Filter>
    </ClInclude>
    <ClInclude Include="src\action\r2action_MoveByAction.h">
      <Filter>action</Filter>
    </ClInclude>
    <ClInclude Include="src\r2\r2_Rect_Int.h">
      <Filter>r2</Filter>
    </ClInclude>
    <ClInclude Include="src\action\r2action_TickAction.h">
      <Filter>action</Filter>
    </ClInclude>
    <ClInclude Include="src\action\r2action_SequenceAction.h">
      <Filter>action</Filter>
    </ClInclude>
    <ClInclude Include="src\action\r2action_RepeatAction.h">
      <Filter>action</Filter>
    </ClInclude>
    <ClInclude Include="src\action\r2action_DelayAction.h">
      <Filter>action</Filter>
    </ClInclude>
    <ClInclude Include="src\p2048\p2048_GameScene.h">
      <Filter>project_2048</Filter>
    </ClInclude>
    <ClInclude Include="src\action\r2action_BlinkAction.h">
      <Filter>action</Filter>
    </ClInclude>
    <ClInclude Include="src\action\r2action_CallbackAction.h">
      <Filter>action</Filter>
    </ClInclude>
    <ClInclude Include="src\r2\r2_Random.h">
      <Filter>r2</Filter>
    </ClInclude>
    <ClInclude Include="src\action\r2action_AnimationRequestAction.h">
      <Filter>action</Filter>
    </ClInclude>
    <ClInclude Include="src\node\r2node_PivotNode.h">
      <Filter>node</Filter>
    </ClInclude>
    <ClInclude Include="src\component\r2component_PivotComponent.h">
      <Filter>component</Filter>
    </ClInclude>
    <ClInclude Include="src\test\test_r2bix\item\action_test.h">
      <Filter>test\test_r2bix\item</Filter>
    </ClInclude>
    <ClInclude Include="src\test\test_r2bix\item\camera_test.h">
      <Filter>test\test_r2bix\item</Filter>
    </ClInclude>
    <ClInclude Include="src\test\test_r2bix\item\component_test.h">
      <Filter>test\test_r2bix\item</Filter>
    </ClInclude>
    <ClInclude Include="src\test\test_r2bix\item\console_screen_buffer_manager_test.h">
      <Filter>test\test_r2bix\item</Filter>
    </ClInclude>
    <ClInclude Include="src\test\test_r2bix\item\console_screen_buffer_test.h">
      <Filter>test\test_r2bix\item</Filter>
    </ClInclude>
    <ClInclude Include="src\test\test_r2bix\item\key_test.h">
      <Filter>test\test_r2bix\item</Filter>
    </ClInclude>
    <ClInclude Include="src\test\test_r2bix\item\node_test.h">
      <Filter>test\test_r2bix\item</Filter>
    </ClInclude>
    <ClInclude Include="src\test\test_r2bix\item\rect_test.h">
      <Filter>test\test_r2bix\item</Filter>
    </ClInclude>
    <ClInclude Include="src\test\test_r2bix\item\render_test.h">
      <Filter>test\test_r2bix\item</Filter>
    </ClInclude>
    <ClInclude Include="src\test\test_r2bix\item\texture_frame_test.h">
      <Filter>test\test_r2bix\item</Filter>
    </ClInclude>
    <ClInclude Include="src\test\test_r2bix\item\texture_table_test.h">
      <Filter>test\test_r2bix\item</Filter>
    </ClInclude>
    <ClInclude Include="src\test\test_r2bix\item\texture_test.h">
      <Filter>test\test_r2bix\item</Filter>
    </ClInclude>
    <ClInclude Include="src\test\test_r2bix\item\visible_resource_research.h">
      <Filter>test\test_r2bix\item</Filter>
    </ClInclude>
    <ClInclude Include="src\test\test_r2bix\item\window_input_test.h">
      <Filter>test\test_r2bix\item</Filter>
    </ClInclude>
    <ClInclude Include="src\test\test_r2bix\menu\ActionMenu.h">
      <Filter>test\test_r2bix\menu</Filter>
    </ClInclude>
    <ClInclude Include="src\test\test_r2bix\menu\CameraMenu.h">
      <Filter>test\test_r2bix\menu</Filter>
    </ClInclude>
    <ClInclude Include="src\test\test_r2bix\menu\ComponentMenu.h">
      <Filter>test\test_r2bix\menu</Filter>
    </ClInclude>
    <ClInclude Include="src\test\test_r2bix\menu\InputMenu.h">
      <Filter>test\test_r2bix\menu</Filter>
    </ClInclude>
    <ClInclude Include="src\test\test_r2bix\menu\NodeMenu.h">
      <Filter>test\test_r2bix\menu</Filter>
    </ClInclude>
    <ClInclude Include="src\test\test_r2bix\menu\TextureMenu.h">
      <Filter>test\test_r2bix\menu</Filter>
    </ClInclude>
    <ClInclude Include="src\test\test_r2bix\TextureFrameAnimationTable4Test.h">
      <Filter>test\test_r2bix</Filter>
    </ClInclude>
    <ClInclude Include="src\test\test_r2bix\TextureTable4Test.h">
      <Filter>test\test_r2bix</Filter>
    </ClInclude>
    <ClInclude Include="src\test\TestMainMenu.h">
      <Filter>test</Filter>
    </ClInclude>
    <ClInclude Include="src\test\test_p2048\TestP2048RootMenu.h">
      <Filter>test\test_p2048</Filter>
    </ClInclude>
    <ClInclude Include="src\test\test_r2bix\TestR2bixRootMenu.h">
      <Filter>test\test_r2bix</Filter>
    </ClInclude>
    <ClInclude Include="src\p2048\p2048_NumberNode.h">
      <Filter>project_2048</Filter>
    </ClInclude>
    <ClInclude Include="src\p2048\p2048_NumberComponent.h">
      <Filter>project_2048</Filter>
    </ClInclude>
    <ClInclude Include="src\test\test_p2048\item\test_number_node.h">
      <Filter>test\test_p2048\item</Filter>
    </ClInclude>
    <ClInclude Include="src\test\Utility4Test.h">
      <Filter>test</Filter>
    </ClInclude>
    <ClInclude Include="src\component\r2component_CustomTextureComponent.h">
      <Filter>component</Filter>
    </ClInclude>
    <ClInclude Include="src\node\r2node_CustomTextureNode.h">
      <Filter>node</Filter>
    </ClInclude>
  </ItemGroup>
</Project>