<?xml version="1.0" encoding="utf-8"?>
<Project ToolsVersion="4.0" xmlns="http://schemas.microsoft.com/developer/msbuild/2003">
  <ItemGroup>
    <Filter Include="base">
      <UniqueIdentifier>{81ab3847-2894-4251-856b-66f39b090229}</UniqueIdentifier>
    </Filter>
    <Filter Include="test">
      <UniqueIdentifier>{67d9768a-fea8-45b6-946a-ffcda4f541b1}</UniqueIdentifier>
    </Filter>
    <Filter Include="r2">
      <UniqueIdentifier>{fcf9b28f-6f2a-4644-b365-01d919e85a1c}</UniqueIdentifier>
    </Filter>
    <Filter Include="input">
      <UniqueIdentifier>{59856341-1623-4080-9a5d-44841072825a}</UniqueIdentifier>
    </Filter>
    <Filter Include="render">
      <UniqueIdentifier>{be80c73b-e527-4390-b97a-375d1ec30d49}</UniqueIdentifier>
    </Filter>
    <Filter Include="project_mini_rogue">
      <UniqueIdentifier>{8ac33765-6b0b-4ce1-98f2-d0be2626b971}</UniqueIdentifier>
    </Filter>
    <Filter Include="project_2048">
      <UniqueIdentifier>{83829a05-c572-4c01-9999-4ab853a313d6}</UniqueIdentifier>
    </Filter>
    <Filter Include="utility">
      <UniqueIdentifier>{4430c7e5-e333-4513-b7f9-7d57eae00a27}</UniqueIdentifier>
    </Filter>
    <Filter Include="component">
      <UniqueIdentifier>{6a09edd5-e8d0-43fb-96fe-0494bd0fec79}</UniqueIdentifier>
    </Filter>
    <Filter Include="node">
      <UniqueIdentifier>{21b9e532-178c-45e7-b937-a1385b5865b8}</UniqueIdentifier>
    </Filter>
    <Filter Include="test\item">
      <UniqueIdentifier>{04b1f1de-fe5f-4d90-8230-5cb420bae473}</UniqueIdentifier>
    </Filter>
    <Filter Include="test\scene">
      <UniqueIdentifier>{4ea5899a-a13a-4ccf-90f1-38a64396c180}</UniqueIdentifier>
    </Filter>
  </ItemGroup>
  <ItemGroup>
    <ClCompile Include="src\main.cpp" />
    <ClCompile Include="src\pch.cpp" />
    <ClCompile Include="src\r2\r2_PointInt.cpp">
      <Filter>r2</Filter>
    </ClCompile>
    <ClCompile Include="src\r2\r2_RectInt.cpp">
      <Filter>r2</Filter>
    </ClCompile>
    <ClCompile Include="src\r2\r2_Size.cpp">
      <Filter>r2</Filter>
    </ClCompile>
    <ClCompile Include="src\r2\r2_Timer_Float.cpp">
      <Filter>r2</Filter>
    </ClCompile>
    <ClCompile Include="src\input\r2input_Constant.cpp">
      <Filter>input</Filter>
    </ClCompile>
    <ClCompile Include="src\input\r2input_KeyboardInputCollector.cpp">
      <Filter>input</Filter>
    </ClCompile>
    <ClCompile Include="src\input\r2input_KeyboardInputListener.cpp">
      <Filter>input</Filter>
    </ClCompile>
    <ClCompile Include="src\base\r2base_Director.cpp">
      <Filter>base</Filter>
    </ClCompile>
    <ClCompile Include="src\render\r2_GridIndexConverter.cpp">
      <Filter>render</Filter>
    </ClCompile>
    <ClCompile Include="src\render\r2render_FrameBuffer.cpp">
      <Filter>render</Filter>
    </ClCompile>
    <ClCompile Include="src\render\r2render_Camera.cpp">
      <Filter>render</Filter>
    </ClCompile>
    <ClCompile Include="src\render\r2render_Renderer.cpp">
      <Filter>render</Filter>
    </ClCompile>
    <ClCompile Include="src\render\r2render_Texture.cpp">
      <Filter>render</Filter>
    </ClCompile>
    <ClCompile Include="src\render\r2render_TextureFrame.cpp">
      <Filter>render</Filter>
    </ClCompile>
    <ClCompile Include="src\pmr\pmr_CompanyScene.cpp">
      <Filter>project_mini_rogue</Filter>
    </ClCompile>
    <ClCompile Include="src\p2048\p2048_CompanyScene.cpp">
      <Filter>project_2048</Filter>
    </ClCompile>
    <ClCompile Include="src\utility\r2utility_WindowUtil.cpp">
      <Filter>utility</Filter>
    </ClCompile>
    <ClCompile Include="src\base\r2base_Node.cpp">
      <Filter>base</Filter>
    </ClCompile>
    <ClCompile Include="src\component\r2component_TransformComponent.cpp">
      <Filter>component</Filter>
    </ClCompile>
    <ClCompile Include="src\base\r2base_DebugConfig.cpp">
      <Filter>base</Filter>
    </ClCompile>
    <ClCompile Include="src\component\r2component_TextRenderComponent.cpp">
      <Filter>component</Filter>
    </ClCompile>
    <ClCompile Include="src\node\r2node_LabelNode.cpp">
      <Filter>node</Filter>
    </ClCompile>
    <ClCompile Include="src\node\r2node_SceneNode.cpp">
      <Filter>node</Filter>
    </ClCompile>
    <ClCompile Include="src\node\r2node_SpriteNode.cpp">
      <Filter>node</Filter>
    </ClCompile>
    <ClCompile Include="src\base\r2base_ScreenBufferManager.cpp">
      <Filter>base</Filter>
    </ClCompile>
    <ClCompile Include="src\base\r2base_FPSTimer.cpp">
      <Filter>base</Filter>
    </ClCompile>
    <ClCompile Include="src\base\r2base_CoutBufferRedirector.cpp">
      <Filter>base</Filter>
    </ClCompile>
    <ClCompile Include="src\test\item\animation_test.cpp">
      <Filter>test\item</Filter>
    </ClCompile>
    <ClCompile Include="src\test\item\camera_test.cpp">
      <Filter>test\item</Filter>
    </ClCompile>
    <ClCompile Include="src\test\item\console_screen_buffer_manager_test.cpp">
      <Filter>test\item</Filter>
    </ClCompile>
    <ClCompile Include="src\test\item\framebuffer_test.cpp">
      <Filter>test\item</Filter>
    </ClCompile>
    <ClCompile Include="src\test\item\key_test.cpp">
      <Filter>test\item</Filter>
    </ClCompile>
    <ClCompile Include="src\test\item\rect_test.cpp">
      <Filter>test\item</Filter>
    </ClCompile>
    <ClCompile Include="src\test\item\renderable_test.cpp">
      <Filter>test\item</Filter>
    </ClCompile>
    <ClCompile Include="src\test\item\renderer_test.cpp">
      <Filter>test\item</Filter>
    </ClCompile>
    <ClCompile Include="src\test\item\texture_frame_test.cpp">
      <Filter>test\item</Filter>
    </ClCompile>
    <ClCompile Include="src\test\item\texture_test.cpp">
      <Filter>test\item</Filter>
    </ClCompile>
    <ClCompile Include="src\test\item\window_input_test.cpp">
      <Filter>test\item</Filter>
    </ClCompile>
    <ClCompile Include="src\test\scene\DevelopScene.cpp">
      <Filter>test\scene</Filter>
    </ClCompile>
    <ClCompile Include="src\test\scene\r2research_RootScene.cpp">
      <Filter>test\scene</Filter>
    </ClCompile>
    <ClCompile Include="src\test\scene\r2test_CameraScene.cpp">
      <Filter>test\scene</Filter>
    </ClCompile>
    <ClCompile Include="src\test\scene\r2test_FrameBufferScene.cpp">
      <Filter>test\scene</Filter>
    </ClCompile>
    <ClCompile Include="src\test\scene\r2test_InputScene.cpp">
      <Filter>test\scene</Filter>
    </ClCompile>
    <ClCompile Include="src\test\scene\r2test_RenderableScene.cpp">
      <Filter>test\scene</Filter>
    </ClCompile>
    <ClCompile Include="src\test\scene\r2test_RendererScene.cpp">
      <Filter>test\scene</Filter>
    </ClCompile>
    <ClCompile Include="src\test\scene\r2test_RootScene.cpp">
      <Filter>test\scene</Filter>
    </ClCompile>
    <ClCompile Include="src\test\scene\r2test_TextureScene.cpp">
      <Filter>test\scene</Filter>
    </ClCompile>
    <ClCompile Include="src\test\scene\TestScene.cpp">
      <Filter>test\scene</Filter>
    </ClCompile>
    <ClCompile Include="src\test\item\visible_resource_research.cpp">
      <Filter>test\item</Filter>
    </ClCompile>
    <ClCompile Include="src\p2048\p2048table_TextureTable.cpp">
      <Filter>project_2048</Filter>
    </ClCompile>
    <ClCompile Include="src\component\r2component_TextureFrameRenderComponent.cpp">
      <Filter>component</Filter>
    </ClCompile>
    <ClCompile Include="src\test\r2test_Utility.cpp">
      <Filter>test</Filter>
    </ClCompile>
  </ItemGroup>
  <ItemGroup>
    <ClInclude Include="src\pch.h" />
    <ClInclude Include="src\r2\r2_Point.h">
      <Filter>r2</Filter>
    </ClInclude>
    <ClInclude Include="src\r2\r2_PointInt.h">
      <Filter>r2</Filter>
    </ClInclude>
    <ClInclude Include="src\r2\r2_Rect.h">
      <Filter>r2</Filter>
    </ClInclude>
    <ClInclude Include="src\r2\r2_RectInt.h">
      <Filter>r2</Filter>
    </ClInclude>
    <ClInclude Include="src\r2\r2_Size.h">
      <Filter>r2</Filter>
    </ClInclude>
    <ClInclude Include="src\r2\r2_Timer.h">
      <Filter>r2</Filter>
    </ClInclude>
    <ClInclude Include="src\r2\r2_Timer_Float.h">
      <Filter>r2</Filter>
    </ClInclude>
    <ClInclude Include="src\input\r2input_Constant.h">
      <Filter>input</Filter>
    </ClInclude>
    <ClInclude Include="src\input\r2input_KeyboardInputCollector.h">
      <Filter>input</Filter>
    </ClInclude>
    <ClInclude Include="src\input\r2input_KeyboardInputListener.h">
      <Filter>input</Filter>
    </ClInclude>
    <ClInclude Include="src\base\r2base_Singleton.h">
      <Filter>base</Filter>
    </ClInclude>
    <ClInclude Include="src\base\r2base_Director.h">
      <Filter>base</Filter>
    </ClInclude>
    <ClInclude Include="src\render\r2_GridIndexConverter.h">
      <Filter>render</Filter>
    </ClInclude>
    <ClInclude Include="src\render\r2render_FrameBuffer.h">
      <Filter>render</Filter>
    </ClInclude>
    <ClInclude Include="src\render\r2render_Camera.h">
      <Filter>render</Filter>
    </ClInclude>
    <ClInclude Include="src\render\r2render_iRenderable.h">
      <Filter>render</Filter>
    </ClInclude>
    <ClInclude Include="src\render\r2render_Renderer.h">
      <Filter>render</Filter>
    </ClInclude>
    <ClInclude Include="src\render\r2render_iRenderTarget.h">
      <Filter>render</Filter>
    </ClInclude>
    <ClInclude Include="src\render\r2render_Texture.h">
      <Filter>render</Filter>
    </ClInclude>
    <ClInclude Include="src\render\r2render_TextureFrame.h">
      <Filter>render</Filter>
    </ClInclude>
    <ClInclude Include="src\pmr\pmr_CompanyScene.h">
      <Filter>project_mini_rogue</Filter>
    </ClInclude>
    <ClInclude Include="src\p2048\p2048_CompanyScene.h">
      <Filter>project_2048</Filter>
    </ClInclude>
    <ClInclude Include="src\utility\r2utility_WindowUtil.h">
      <Filter>utility</Filter>
    </ClInclude>
    <ClInclude Include="src\base\r2base_Node.h">
      <Filter>base</Filter>
    </ClInclude>
    <ClInclude Include="src\component\r2component_TransformComponent.h">
      <Filter>component</Filter>
    </ClInclude>
    <ClInclude Include="src\base\r2base_Component.h">
      <Filter>base</Filter>
    </ClInclude>
    <ClInclude Include="src\base\r2base_DebugConfig.h">
      <Filter>base</Filter>
    </ClInclude>
    <ClInclude Include="src\component\r2component_TextRenderComponent.h">
      <Filter>component</Filter>
    </ClInclude>
    <ClInclude Include="src\node\r2node_LabelNode.h">
      <Filter>node</Filter>
    </ClInclude>
    <ClInclude Include="src\node\r2node_SceneNode.h">
      <Filter>node</Filter>
    </ClInclude>
    <ClInclude Include="src\node\r2node_SpriteNode.h">
      <Filter>node</Filter>
    </ClInclude>
    <ClInclude Include="src\base\r2base_ScreenBufferManager.h">
      <Filter>base</Filter>
    </ClInclude>
    <ClInclude Include="src\base\r2base_FPSTimer.h">
      <Filter>base</Filter>
    </ClInclude>
    <ClInclude Include="src\base\r2base_CoutBufferRedirector.h">
      <Filter>base</Filter>
    </ClInclude>
    <ClInclude Include="src\test\item\animation_test.h">
      <Filter>test\item</Filter>
    </ClInclude>
    <ClInclude Include="src\test\item\camera_test.h">
      <Filter>test\item</Filter>
    </ClInclude>
    <ClInclude Include="src\test\item\console_screen_buffer_manager_test.h">
      <Filter>test\item</Filter>
    </ClInclude>
    <ClInclude Include="src\test\item\framebuffer_test.h">
      <Filter>test\item</Filter>
    </ClInclude>
    <ClInclude Include="src\test\item\key_test.h">
      <Filter>test\item</Filter>
    </ClInclude>
    <ClInclude Include="src\test\item\rect_test.h">
      <Filter>test\item</Filter>
    </ClInclude>
    <ClInclude Include="src\test\item\renderable_test.h">
      <Filter>test\item</Filter>
    </ClInclude>
    <ClInclude Include="src\test\item\renderer_test.h">
      <Filter>test\item</Filter>
    </ClInclude>
    <ClInclude Include="src\test\item\texture_frame_test.h">
      <Filter>test\item</Filter>
    </ClInclude>
    <ClInclude Include="src\test\item\texture_test.h">
      <Filter>test\item</Filter>
    </ClInclude>
    <ClInclude Include="src\test\item\window_input_test.h">
      <Filter>test\item</Filter>
    </ClInclude>
    <ClInclude Include="src\test\scene\DevelopScene.h">
      <Filter>test\scene</Filter>
    </ClInclude>
    <ClInclude Include="src\test\scene\r2research_RootScene.h">
      <Filter>test\scene</Filter>
    </ClInclude>
    <ClInclude Include="src\test\scene\r2test_CameraScene.h">
      <Filter>test\scene</Filter>
    </ClInclude>
    <ClInclude Include="src\test\scene\r2test_FrameBufferScene.h">
      <Filter>test\scene</Filter>
    </ClInclude>
    <ClInclude Include="src\test\scene\r2test_InputScene.h">
      <Filter>test\scene</Filter>
    </ClInclude>
    <ClInclude Include="src\test\scene\r2test_RenderableScene.h">
      <Filter>test\scene</Filter>
    </ClInclude>
    <ClInclude Include="src\test\scene\r2test_RendererScene.h">
      <Filter>test\scene</Filter>
    </ClInclude>
    <ClInclude Include="src\test\scene\r2test_RootScene.h">
      <Filter>test\scene</Filter>
    </ClInclude>
    <ClInclude Include="src\test\scene\r2test_TextureScene.h">
      <Filter>test\scene</Filter>
    </ClInclude>
    <ClInclude Include="src\test\scene\TestScene.h">
      <Filter>test\scene</Filter>
    </ClInclude>
    <ClInclude Include="src\test\item\visible_resource_research.h">
      <Filter>test\item</Filter>
    </ClInclude>
    <ClInclude Include="src\test\r2test_iTest.h">
      <Filter>test</Filter>
    </ClInclude>
    <ClInclude Include="src\test\r2test_eTestEndAction.h">
      <Filter>test</Filter>
    </ClInclude>
    <ClInclude Include="src\p2048\p2048table_TextureTable.h">
      <Filter>project_2048</Filter>
    </ClInclude>
    <ClInclude Include="src\component\r2component_TextureFrameRenderComponent.h">
      <Filter>component</Filter>
    </ClInclude>
    <ClInclude Include="src\test\r2test_Utility.h">
      <Filter>test</Filter>
    </ClInclude>
    <ClInclude Include="src\test\r2test_Inspector.h">
      <Filter>test</Filter>
    </ClInclude>
  </ItemGroup>
</Project>