<?xml version="1.0" encoding="utf-8"?>
<Project ToolsVersion="4.0" xmlns="http://schemas.microsoft.com/developer/msbuild/2003">
  <ItemGroup>
    <Filter Include="project_mini_rogue">
      <UniqueIdentifier>{8ac33765-6b0b-4ce1-98f2-d0be2626b971}</UniqueIdentifier>
    </Filter>
    <Filter Include="project_2048">
      <UniqueIdentifier>{83829a05-c572-4c01-9999-4ab853a313d6}</UniqueIdentifier>
    </Filter>
    <Filter Include="test">
      <UniqueIdentifier>{1cd71849-42fd-4beb-8c36-ee216acfc014}</UniqueIdentifier>
    </Filter>
    <Filter Include="test\test_r2bix">
      <UniqueIdentifier>{ce01231e-9d83-4225-aab5-74e589fae17f}</UniqueIdentifier>
    </Filter>
    <Filter Include="test\test_r2bix\menu">
      <UniqueIdentifier>{fdb3fed2-ae28-4b60-9c74-0a33c59c9506}</UniqueIdentifier>
    </Filter>
    <Filter Include="test\test_r2bix\item">
      <UniqueIdentifier>{ad1df904-b64d-41ca-a907-6962189f53d8}</UniqueIdentifier>
    </Filter>
    <Filter Include="r2bix">
      <UniqueIdentifier>{56c407ac-3cd0-4e36-9350-1d558861105b}</UniqueIdentifier>
    </Filter>
    <Filter Include="r2bix\action">
      <UniqueIdentifier>{ee60f5df-9b2d-4277-8584-b3e8bd176866}</UniqueIdentifier>
    </Filter>
    <Filter Include="r2bix\animation">
      <UniqueIdentifier>{389aa71b-e398-4880-a05b-49418b94b111}</UniqueIdentifier>
    </Filter>
    <Filter Include="r2bix\base">
      <UniqueIdentifier>{81ab3847-2894-4251-856b-66f39b090229}</UniqueIdentifier>
    </Filter>
    <Filter Include="r2bix\component">
      <UniqueIdentifier>{6a09edd5-e8d0-43fb-96fe-0494bd0fec79}</UniqueIdentifier>
    </Filter>
    <Filter Include="r2bix\input">
      <UniqueIdentifier>{59856341-1623-4080-9a5d-44841072825a}</UniqueIdentifier>
    </Filter>
    <Filter Include="r2bix\node">
      <UniqueIdentifier>{21b9e532-178c-45e7-b937-a1385b5865b8}</UniqueIdentifier>
    </Filter>
    <Filter Include="r2bix\render">
      <UniqueIdentifier>{be80c73b-e527-4390-b97a-375d1ec30d49}</UniqueIdentifier>
    </Filter>
    <Filter Include="r2bix\utility">
      <UniqueIdentifier>{4430c7e5-e333-4513-b7f9-7d57eae00a27}</UniqueIdentifier>
    </Filter>
    <Filter Include="test\test_miniaudio">
      <UniqueIdentifier>{f436b0c4-739e-4f19-8ae0-852b48bc6b74}</UniqueIdentifier>
    </Filter>
    <Filter Include="test\test_miniaudio\item">
      <UniqueIdentifier>{080b8e6b-bca9-49f6-bb21-1f13152f9fd3}</UniqueIdentifier>
    </Filter>
    <Filter Include="test\test_p2048">
      <UniqueIdentifier>{881f9dfd-f1f0-4aa0-9571-76f84aea0942}</UniqueIdentifier>
    </Filter>
    <Filter Include="project_mini_adventure">
      <UniqueIdentifier>{9ffd138b-0e0d-418e-80c9-6de54a6db100}</UniqueIdentifier>
    </Filter>
    <Filter Include="external">
      <UniqueIdentifier>{99a45303-e98b-4377-b5e2-06cecfcc1849}</UniqueIdentifier>
    </Filter>
    <Filter Include="external\miniaudio">
      <UniqueIdentifier>{c7fe1776-2e09-4551-95e7-532b2099dbd7}</UniqueIdentifier>
    </Filter>
    <Filter Include="external\r2">
      <UniqueIdentifier>{fcf9b28f-6f2a-4644-b365-01d919e85a1c}</UniqueIdentifier>
    </Filter>
    <Filter Include="external\r2cm">
      <UniqueIdentifier>{332270fb-7af5-4a37-a62b-23bc3e6c6758}</UniqueIdentifier>
    </Filter>
  </ItemGroup>
  <ItemGroup>
    <ClCompile Include="src\main.cpp" />
    <ClCompile Include="src\pmr\pmr_CompanyScene.cpp">
      <Filter>project_mini_rogue</Filter>
    </ClCompile>
    <ClCompile Include="src\test\test_r2bix\item\action_test.cpp">
      <Filter>test\test_r2bix\item</Filter>
    </ClCompile>
    <ClCompile Include="src\test\test_r2bix\item\camera_test.cpp">
      <Filter>test\test_r2bix\item</Filter>
    </ClCompile>
    <ClCompile Include="src\test\test_r2bix\item\component_test.cpp">
      <Filter>test\test_r2bix\item</Filter>
    </ClCompile>
    <ClCompile Include="src\test\test_r2bix\item\console_screen_buffer_manager_test.cpp">
      <Filter>test\test_r2bix\item</Filter>
    </ClCompile>
    <ClCompile Include="src\test\test_r2bix\item\console_screen_buffer_test.cpp">
      <Filter>test\test_r2bix\item</Filter>
    </ClCompile>
    <ClCompile Include="src\test\test_r2bix\item\key_test.cpp">
      <Filter>test\test_r2bix\item</Filter>
    </ClCompile>
    <ClCompile Include="src\test\test_r2bix\item\node_test.cpp">
      <Filter>test\test_r2bix\item</Filter>
    </ClCompile>
    <ClCompile Include="src\test\test_r2bix\item\rect_test.cpp">
      <Filter>test\test_r2bix\item</Filter>
    </ClCompile>
    <ClCompile Include="src\test\test_r2bix\item\render_test.cpp">
      <Filter>test\test_r2bix\item</Filter>
    </ClCompile>
    <ClCompile Include="src\test\test_r2bix\item\texture_frame_test.cpp">
      <Filter>test\test_r2bix\item</Filter>
    </ClCompile>
    <ClCompile Include="src\test\test_r2bix\item\texture_table_test.cpp">
      <Filter>test\test_r2bix\item</Filter>
    </ClCompile>
    <ClCompile Include="src\test\test_r2bix\item\texture_test.cpp">
      <Filter>test\test_r2bix\item</Filter>
    </ClCompile>
    <ClCompile Include="src\test\test_r2bix\item\visible_resource_research.cpp">
      <Filter>test\test_r2bix\item</Filter>
    </ClCompile>
    <ClCompile Include="src\test\test_r2bix\item\window_input_test.cpp">
      <Filter>test\test_r2bix\item</Filter>
    </ClCompile>
    <ClCompile Include="src\test\test_r2bix\menu\ActionMenu.cpp">
      <Filter>test\test_r2bix\menu</Filter>
    </ClCompile>
    <ClCompile Include="src\test\test_r2bix\menu\CameraMenu.cpp">
      <Filter>test\test_r2bix\menu</Filter>
    </ClCompile>
    <ClCompile Include="src\test\test_r2bix\menu\ComponentMenu.cpp">
      <Filter>test\test_r2bix\menu</Filter>
    </ClCompile>
    <ClCompile Include="src\test\test_r2bix\menu\InputMenu.cpp">
      <Filter>test\test_r2bix\menu</Filter>
    </ClCompile>
    <ClCompile Include="src\test\test_r2bix\menu\NodeMenu.cpp">
      <Filter>test\test_r2bix\menu</Filter>
    </ClCompile>
    <ClCompile Include="src\test\test_r2bix\menu\TextureMenu.cpp">
      <Filter>test\test_r2bix\menu</Filter>
    </ClCompile>
    <ClCompile Include="src\test\test_r2bix\TextureFrameAnimationTable4Test.cpp">
      <Filter>test\test_r2bix</Filter>
    </ClCompile>
    <ClCompile Include="src\test\test_r2bix\TextureTable4Test.cpp">
      <Filter>test\test_r2bix</Filter>
    </ClCompile>
    <ClCompile Include="src\test\Utility4Test.cpp">
      <Filter>test</Filter>
    </ClCompile>
    <ClCompile Include="src\DevelopmentMenu.cpp" />
    <ClCompile Include="src\r2bix\r2action_AnimationRequestAction.cpp">
      <Filter>r2bix\action</Filter>
    </ClCompile>
    <ClCompile Include="src\r2bix\r2action_BlinkAction.cpp">
      <Filter>r2bix\action</Filter>
    </ClCompile>
    <ClCompile Include="src\r2bix\r2action_CallbackAction.cpp">
      <Filter>r2bix\action</Filter>
    </ClCompile>
    <ClCompile Include="src\r2bix\r2action_DelayAction.cpp">
      <Filter>r2bix\action</Filter>
    </ClCompile>
    <ClCompile Include="src\r2bix\r2action_MoveByAction.cpp">
      <Filter>r2bix\action</Filter>
    </ClCompile>
    <ClCompile Include="src\r2bix\r2action_MoveToAction.cpp">
      <Filter>r2bix\action</Filter>
    </ClCompile>
    <ClCompile Include="src\r2bix\r2action_RepeatAction.cpp">
      <Filter>r2bix\action</Filter>
    </ClCompile>
    <ClCompile Include="src\r2bix\r2action_SequenceAction.cpp">
      <Filter>r2bix\action</Filter>
    </ClCompile>
    <ClCompile Include="src\r2bix\r2action_TickAction.cpp">
      <Filter>r2bix\action</Filter>
    </ClCompile>
    <ClCompile Include="src\r2bix\r2animation_constant.cpp">
      <Filter>r2bix\animation</Filter>
    </ClCompile>
    <ClCompile Include="src\r2bix\r2base_CoutBufferRedirector.cpp">
      <Filter>r2bix\base</Filter>
    </ClCompile>
    <ClCompile Include="src\r2bix\r2base_DebugConfig.cpp">
      <Filter>r2bix\base</Filter>
    </ClCompile>
    <ClCompile Include="src\r2bix\r2base_Director.cpp">
      <Filter>r2bix\base</Filter>
    </ClCompile>
    <ClCompile Include="src\r2bix\r2base_Node.cpp">
      <Filter>r2bix\base</Filter>
    </ClCompile>
    <ClCompile Include="src\r2bix\r2base_ScreenBufferManager.cpp">
      <Filter>r2bix\base</Filter>
    </ClCompile>
    <ClCompile Include="src\r2bix\r2base_TextureFrameAnimationInfo.cpp">
      <Filter>r2bix\base</Filter>
    </ClCompile>
    <ClCompile Include="src\r2bix\r2base_TextureFrameAnimationTableBase.cpp">
      <Filter>r2bix\base</Filter>
    </ClCompile>
    <ClCompile Include="src\r2bix\r2base_TextureTableBase.cpp">
      <Filter>r2bix\base</Filter>
    </ClCompile>
    <ClCompile Include="src\r2bix\r2component_ActionProcessComponent.cpp">
      <Filter>r2bix\component</Filter>
    </ClCompile>
    <ClCompile Include="src\r2bix\r2component_CustomTextureComponent.cpp">
      <Filter>r2bix\component</Filter>
    </ClCompile>
    <ClCompile Include="src\r2bix\r2component_TextureFrameAnimationComponent.cpp">
      <Filter>r2bix\component</Filter>
    </ClCompile>
    <ClCompile Include="src\r2bix\r2component_TextureFrameRenderComponent.cpp">
      <Filter>r2bix\component</Filter>
    </ClCompile>
    <ClCompile Include="src\r2bix\r2component_TextureRenderComponent.cpp">
      <Filter>r2bix\component</Filter>
    </ClCompile>
    <ClCompile Include="src\r2bix\r2component_TransformComponent.cpp">
      <Filter>r2bix\component</Filter>
    </ClCompile>
    <ClCompile Include="src\r2bix\r2input_Constant.cpp">
      <Filter>r2bix\input</Filter>
    </ClCompile>
    <ClCompile Include="src\r2bix\r2input_KeyboardInputCollector.cpp">
      <Filter>r2bix\input</Filter>
    </ClCompile>
    <ClCompile Include="src\r2bix\r2input_KeyboardInputListener.cpp">
      <Filter>r2bix\input</Filter>
    </ClCompile>
    <ClCompile Include="src\r2bix\r2node_CustomTextureNode.cpp">
      <Filter>r2bix\node</Filter>
    </ClCompile>
    <ClCompile Include="src\r2bix\r2node_PivotNode.cpp">
      <Filter>r2bix\node</Filter>
    </ClCompile>
    <ClCompile Include="src\r2bix\r2node_SceneNode.cpp">
      <Filter>r2bix\node</Filter>
    </ClCompile>
    <ClCompile Include="src\r2bix\r2node_SpriteAnimationNode.cpp">
      <Filter>r2bix\node</Filter>
    </ClCompile>
    <ClCompile Include="src\r2bix\r2node_SpriteNode.cpp">
      <Filter>r2bix\node</Filter>
    </ClCompile>
    <ClCompile Include="src\r2bix\r2render_Camera.cpp">
      <Filter>r2bix\render</Filter>
    </ClCompile>
    <ClCompile Include="src\r2bix\r2render_Texture.cpp">
      <Filter>r2bix\render</Filter>
    </ClCompile>
    <ClCompile Include="src\r2bix\r2render_TextureFrame.cpp">
      <Filter>r2bix\render</Filter>
    </ClCompile>
    <ClCompile Include="src\r2bix\r2utility_InputUtil.cpp">
      <Filter>r2bix\utility</Filter>
    </ClCompile>
    <ClCompile Include="src\r2bix\r2utility_StringBuilder.cpp">
      <Filter>r2bix\utility</Filter>
    </ClCompile>
    <ClCompile Include="src\test\test_miniaudio\item\miniaudio_test.cpp">
      <Filter>test\test_miniaudio\item</Filter>
    </ClCompile>
    <ClCompile Include="src\r2bix\r2utility_FileUtil.cpp">
      <Filter>r2bix\utility</Filter>
    </ClCompile>
    <ClCompile Include="src\test\test_r2bix\item\color_value_test.cpp">
      <Filter>test\test_r2bix\item</Filter>
    </ClCompile>
    <ClCompile Include="src\r2bix\r2base_ColorValue.cpp">
      <Filter>r2bix\base</Filter>
    </ClCompile>
    <ClCompile Include="src\p2048\p2048_CompanyScene.cpp">
      <Filter>project_2048</Filter>
    </ClCompile>
    <ClCompile Include="src\p2048\p2048_EntryScene.cpp">
      <Filter>project_2048</Filter>
    </ClCompile>
    <ClCompile Include="src\p2048\p2048_GameComponent.cpp">
      <Filter>project_2048</Filter>
    </ClCompile>
    <ClCompile Include="src\p2048\p2048_GameProcessor.cpp">
      <Filter>project_2048</Filter>
    </ClCompile>
    <ClCompile Include="src\p2048\p2048_GameScene.cpp">
      <Filter>project_2048</Filter>
    </ClCompile>
    <ClCompile Include="src\p2048\p2048_NumberComponent.cpp">
      <Filter>project_2048</Filter>
    </ClCompile>
    <ClCompile Include="src\p2048\p2048_NumberNode.cpp">
      <Filter>project_2048</Filter>
    </ClCompile>
    <ClCompile Include="src\p2048\p2048_Stage.cpp">
      <Filter>project_2048</Filter>
    </ClCompile>
    <ClCompile Include="src\p2048\p2048_StageViewComponent.cpp">
      <Filter>project_2048</Filter>
    </ClCompile>
    <ClCompile Include="src\p2048\p2048_StageViewNode.cpp">
      <Filter>project_2048</Filter>
    </ClCompile>
    <ClCompile Include="src\p2048\p2048_TitleScene.cpp">
      <Filter>project_2048</Filter>
    </ClCompile>
    <ClCompile Include="src\p2048\p2048table_TextureFrameAnimationTable.cpp">
      <Filter>project_2048</Filter>
    </ClCompile>
    <ClCompile Include="src\p2048\p2048table_TextureTable.cpp">
      <Filter>project_2048</Filter>
    </ClCompile>
    <ClCompile Include="src\test\test_p2048\test_p2048_stage.cpp">
      <Filter>test\test_p2048</Filter>
    </ClCompile>
    <ClCompile Include="src\test\test_p2048\test_p2048_stageviewnode.cpp">
      <Filter>test\test_p2048</Filter>
    </ClCompile>
    <ClCompile Include="src\test\test_p2048\test_p2048_gameprocessor.cpp">
      <Filter>test\test_p2048</Filter>
    </ClCompile>
    <ClCompile Include="src\test\test_p2048\test_p2048_numbernode.cpp">
      <Filter>test\test_p2048</Filter>
    </ClCompile>
    <ClCompile Include="src\r2bix\r2base_ColorMaskOption.cpp">
      <Filter>r2bix\base</Filter>
    </ClCompile>
    <ClCompile Include="src\test\test_r2bix\menu\ColorMenu.cpp">
      <Filter>test\test_r2bix\menu</Filter>
    </ClCompile>
    <ClCompile Include="src\project_mini_adventure\p_mini_adv_GameScene.cpp">
      <Filter>project_mini_adventure</Filter>
    </ClCompile>
    <ClCompile Include="src\project_mini_adventure\p_mini_adv_CompanyScene.cpp">
      <Filter>project_mini_adventure</Filter>
    </ClCompile>
    <ClCompile Include="src\r2bix\r2node_LabelMNode.cpp">
      <Filter>r2bix\node</Filter>
    </ClCompile>
    <ClCompile Include="src\r2bix\r2component_LabelMComponent.cpp">
      <Filter>r2bix\component</Filter>
    </ClCompile>
    <ClCompile Include="src\r2bix\r2node_LabelSNode.cpp">
      <Filter>r2bix\node</Filter>
    </ClCompile>
    <ClCompile Include="src\r2bix\r2component_LabelSComponent.cpp">
      <Filter>r2bix\component</Filter>
    </ClCompile>
    <ClCompile Include="src\r2bix\r2utility_StringSize.cpp">
      <Filter>r2bix\utility</Filter>
    </ClCompile>
    <ClCompile Include="src\test\test_r2bix\item\utility_test.cpp">
      <Filter>test\test_r2bix\item</Filter>
    </ClCompile>
    <ClCompile Include="src\test\test_r2bix\R2bixMenu.cpp">
      <Filter>test\test_r2bix</Filter>
    </ClCompile>
    <ClCompile Include="src\r2bix\r2utility_StringDecomposition.cpp">
      <Filter>r2bix\utility</Filter>
    </ClCompile>
    <ClCompile Include="src\test\test_miniaudio\MiniAudioMenu.cpp">
      <Filter>test\test_miniaudio</Filter>
    </ClCompile>
    <ClCompile Include="src\test\TestMenu.cpp">
      <Filter>test</Filter>
    </ClCompile>
    <ClCompile Include="src\test\test_p2048\P2048Menu.cpp">
      <Filter>test\test_p2048</Filter>
    </ClCompile>
    <ClCompile Include="external\r2\r2_Direction4.cpp">
      <Filter>external\r2</Filter>
    </ClCompile>
    <ClCompile Include="external\r2\r2_FPSTimer.cpp">
      <Filter>external\r2</Filter>
    </ClCompile>
    <ClCompile Include="external\r2\r2_GridIndexConverter.cpp">
      <Filter>external\r2</Filter>
    </ClCompile>
    <ClCompile Include="external\r2\r2_Point_Float.cpp">
      <Filter>external\r2</Filter>
    </ClCompile>
    <ClCompile Include="external\r2\r2_Point_Int.cpp">
      <Filter>external\r2</Filter>
    </ClCompile>
    <ClCompile Include="external\r2\r2_Random.cpp">
      <Filter>external\r2</Filter>
    </ClCompile>
    <ClCompile Include="external\r2\r2_Rect_Int.cpp">
      <Filter>external\r2</Filter>
    </ClCompile>
    <ClCompile Include="external\r2\r2_Size_Int.cpp">
      <Filter>external\r2</Filter>
    </ClCompile>
    <ClCompile Include="external\r2\r2_Timer_Float.cpp">
      <Filter>external\r2</Filter>
    </ClCompile>
    <ClCompile Include="external\r2cm\r2cm_Director.cpp">
      <Filter>external\r2cm</Filter>
    </ClCompile>
    <ClCompile Include="external\r2cm\r2cm_Inspector.cpp">
      <Filter>external\r2cm</Filter>
    </ClCompile>
    <ClCompile Include="external\r2cm\r2cm_Menu.cpp">
      <Filter>external\r2cm</Filter>
    </ClCompile>
    <ClCompile Include="external\r2cm\r2cm_WindowUtility.cpp">
      <Filter>external\r2cm</Filter>
    </ClCompile>
  </ItemGroup>
  <ItemGroup>
    <ClInclude Include="src\pmr\pmr_CompanyScene.h">
      <Filter>project_mini_rogue</Filter>
    </ClInclude>
    <ClInclude Include="src\test\test_r2bix\item\action_test.h">
      <Filter>test\test_r2bix\item</Filter>
    </ClInclude>
    <ClInclude Include="src\test\test_r2bix\item\camera_test.h">
      <Filter>test\test_r2bix\item</Filter>
    </ClInclude>
    <ClInclude Include="src\test\test_r2bix\item\component_test.h">
      <Filter>test\test_r2bix\item</Filter>
    </ClInclude>
    <ClInclude Include="src\test\test_r2bix\item\console_screen_buffer_manager_test.h">
      <Filter>test\test_r2bix\item</Filter>
    </ClInclude>
    <ClInclude Include="src\test\test_r2bix\item\console_screen_buffer_test.h">
      <Filter>test\test_r2bix\item</Filter>
    </ClInclude>
    <ClInclude Include="src\test\test_r2bix\item\key_test.h">
      <Filter>test\test_r2bix\item</Filter>
    </ClInclude>
    <ClInclude Include="src\test\test_r2bix\item\node_test.h">
      <Filter>test\test_r2bix\item</Filter>
    </ClInclude>
    <ClInclude Include="src\test\test_r2bix\item\rect_test.h">
      <Filter>test\test_r2bix\item</Filter>
    </ClInclude>
    <ClInclude Include="src\test\test_r2bix\item\render_test.h">
      <Filter>test\test_r2bix\item</Filter>
    </ClInclude>
    <ClInclude Include="src\test\test_r2bix\item\texture_frame_test.h">
      <Filter>test\test_r2bix\item</Filter>
    </ClInclude>
    <ClInclude Include="src\test\test_r2bix\item\texture_table_test.h">
      <Filter>test\test_r2bix\item</Filter>
    </ClInclude>
    <ClInclude Include="src\test\test_r2bix\item\texture_test.h">
      <Filter>test\test_r2bix\item</Filter>
    </ClInclude>
    <ClInclude Include="src\test\test_r2bix\item\visible_resource_research.h">
      <Filter>test\test_r2bix\item</Filter>
    </ClInclude>
    <ClInclude Include="src\test\test_r2bix\item\window_input_test.h">
      <Filter>test\test_r2bix\item</Filter>
    </ClInclude>
    <ClInclude Include="src\test\test_r2bix\menu\ActionMenu.h">
      <Filter>test\test_r2bix\menu</Filter>
    </ClInclude>
    <ClInclude Include="src\test\test_r2bix\menu\CameraMenu.h">
      <Filter>test\test_r2bix\menu</Filter>
    </ClInclude>
    <ClInclude Include="src\test\test_r2bix\menu\ComponentMenu.h">
      <Filter>test\test_r2bix\menu</Filter>
    </ClInclude>
    <ClInclude Include="src\test\test_r2bix\menu\InputMenu.h">
      <Filter>test\test_r2bix\menu</Filter>
    </ClInclude>
    <ClInclude Include="src\test\test_r2bix\menu\NodeMenu.h">
      <Filter>test\test_r2bix\menu</Filter>
    </ClInclude>
    <ClInclude Include="src\test\test_r2bix\menu\TextureMenu.h">
      <Filter>test\test_r2bix\menu</Filter>
    </ClInclude>
    <ClInclude Include="src\test\test_r2bix\TextureFrameAnimationTable4Test.h">
      <Filter>test\test_r2bix</Filter>
    </ClInclude>
    <ClInclude Include="src\test\test_r2bix\TextureTable4Test.h">
      <Filter>test\test_r2bix</Filter>
    </ClInclude>
    <ClInclude Include="src\test\Utility4Test.h">
      <Filter>test</Filter>
    </ClInclude>
    <ClInclude Include="src\DevelopmentMenu.h" />
    <ClInclude Include="src\r2bix\r2action_AnimationRequestAction.h">
      <Filter>r2bix\action</Filter>
    </ClInclude>
    <ClInclude Include="src\r2bix\r2action_BlinkAction.h">
      <Filter>r2bix\action</Filter>
    </ClInclude>
    <ClInclude Include="src\r2bix\r2action_CallbackAction.h">
      <Filter>r2bix\action</Filter>
    </ClInclude>
    <ClInclude Include="src\r2bix\r2action_DelayAction.h">
      <Filter>r2bix\action</Filter>
    </ClInclude>
    <ClInclude Include="src\r2bix\r2action_MoveByAction.h">
      <Filter>r2bix\action</Filter>
    </ClInclude>
    <ClInclude Include="src\r2bix\r2action_MoveToAction.h">
      <Filter>r2bix\action</Filter>
    </ClInclude>
    <ClInclude Include="src\r2bix\r2action_RepeatAction.h">
      <Filter>r2bix\action</Filter>
    </ClInclude>
    <ClInclude Include="src\r2bix\r2action_SequenceAction.h">
      <Filter>r2bix\action</Filter>
    </ClInclude>
    <ClInclude Include="src\r2bix\r2action_TickAction.h">
      <Filter>r2bix\action</Filter>
    </ClInclude>
    <ClInclude Include="src\r2bix\r2animation_constant.h">
      <Filter>r2bix\animation</Filter>
    </ClInclude>
    <ClInclude Include="src\r2bix\r2base_Action.h">
      <Filter>r2bix\base</Filter>
    </ClInclude>
    <ClInclude Include="src\r2bix\r2base_Component.h">
      <Filter>r2bix\base</Filter>
    </ClInclude>
    <ClInclude Include="src\r2bix\r2base_ComponentStaticID.h">
      <Filter>r2bix\base</Filter>
    </ClInclude>
    <ClInclude Include="src\r2bix\r2base_CoutBufferRedirector.h">
      <Filter>r2bix\base</Filter>
    </ClInclude>
    <ClInclude Include="src\r2bix\r2base_DebugConfig.h">
      <Filter>r2bix\base</Filter>
    </ClInclude>
    <ClInclude Include="src\r2bix\r2base_Director.h">
      <Filter>r2bix\base</Filter>
    </ClInclude>
    <ClInclude Include="src\r2bix\r2base_Node.h">
      <Filter>r2bix\base</Filter>
    </ClInclude>
    <ClInclude Include="src\r2bix\r2base_ScreenBufferManager.h">
      <Filter>r2bix\base</Filter>
    </ClInclude>
    <ClInclude Include="src\r2bix\r2base_TextureFrameAnimationInfo.h">
      <Filter>r2bix\base</Filter>
    </ClInclude>
    <ClInclude Include="src\r2bix\r2base_TextureFrameAnimationTableBase.h">
      <Filter>r2bix\base</Filter>
    </ClInclude>
    <ClInclude Include="src\r2bix\r2base_TextureTableBase.h">
      <Filter>r2bix\base</Filter>
    </ClInclude>
    <ClInclude Include="src\r2bix\r2component_ActionProcessComponent.h">
      <Filter>r2bix\component</Filter>
    </ClInclude>
    <ClInclude Include="src\r2bix\r2component_CustomTextureComponent.h">
      <Filter>r2bix\component</Filter>
    </ClInclude>
    <ClInclude Include="src\r2bix\r2component_TextureFrameAnimationComponent.h">
      <Filter>r2bix\component</Filter>
    </ClInclude>
    <ClInclude Include="src\r2bix\r2component_TextureFrameRenderComponent.h">
      <Filter>r2bix\component</Filter>
    </ClInclude>
    <ClInclude Include="src\r2bix\r2component_TextureRenderComponent.h">
      <Filter>r2bix\component</Filter>
    </ClInclude>
    <ClInclude Include="src\r2bix\r2component_TransformComponent.h">
      <Filter>r2bix\component</Filter>
    </ClInclude>
    <ClInclude Include="src\r2bix\r2input_Constant.h">
      <Filter>r2bix\input</Filter>
    </ClInclude>
    <ClInclude Include="src\r2bix\r2input_KeyboardInputCollector.h">
      <Filter>r2bix\input</Filter>
    </ClInclude>
    <ClInclude Include="src\r2bix\r2input_KeyboardInputListener.h">
      <Filter>r2bix\input</Filter>
    </ClInclude>
    <ClInclude Include="src\r2bix\r2node_CustomTextureNode.h">
      <Filter>r2bix\node</Filter>
    </ClInclude>
    <ClInclude Include="src\r2bix\r2node_PivotNode.h">
      <Filter>r2bix\node</Filter>
    </ClInclude>
    <ClInclude Include="src\r2bix\r2node_SceneNode.h">
      <Filter>r2bix\node</Filter>
    </ClInclude>
    <ClInclude Include="src\r2bix\r2node_SpriteAnimationNode.h">
      <Filter>r2bix\node</Filter>
    </ClInclude>
    <ClInclude Include="src\r2bix\r2node_SpriteNode.h">
      <Filter>r2bix\node</Filter>
    </ClInclude>
    <ClInclude Include="src\r2bix\r2render_Camera.h">
      <Filter>r2bix\render</Filter>
    </ClInclude>
    <ClInclude Include="src\r2bix\r2render_iRenderTarget.h">
      <Filter>r2bix\render</Filter>
    </ClInclude>
    <ClInclude Include="src\r2bix\r2render_Texture.h">
      <Filter>r2bix\render</Filter>
    </ClInclude>
    <ClInclude Include="src\r2bix\r2render_TextureFrame.h">
      <Filter>r2bix\render</Filter>
    </ClInclude>
    <ClInclude Include="src\r2bix\r2utility_InputUtil.h">
      <Filter>r2bix\utility</Filter>
    </ClInclude>
    <ClInclude Include="src\r2bix\r2utility_StringBuilder.h">
      <Filter>r2bix\utility</Filter>
    </ClInclude>
    <ClInclude Include="src\r2bix\r2base_VersionInfo.h">
      <Filter>r2bix\base</Filter>
    </ClInclude>
    <ClInclude Include="src\test\test_miniaudio\item\miniaudio_test.h">
      <Filter>test\test_miniaudio\item</Filter>
    </ClInclude>
    <ClInclude Include="src\r2bix\r2utility_FileUtil.h">
      <Filter>r2bix\utility</Filter>
    </ClInclude>
    <ClInclude Include="src\r2bix\r2base_ColorValue.h">
      <Filter>r2bix\base</Filter>
    </ClInclude>
    <ClInclude Include="src\test\test_r2bix\item\color_value_test.h">
      <Filter>test\test_r2bix\item</Filter>
    </ClInclude>
    <ClInclude Include="src\p2048\p2048_CompanyScene.h">
      <Filter>project_2048</Filter>
    </ClInclude>
    <ClInclude Include="src\p2048\p2048_Config.h">
      <Filter>project_2048</Filter>
    </ClInclude>
    <ClInclude Include="src\p2048\p2048_EntryScene.h">
      <Filter>project_2048</Filter>
    </ClInclude>
    <ClInclude Include="src\p2048\p2048_GameComponent.h">
      <Filter>project_2048</Filter>
    </ClInclude>
    <ClInclude Include="src\p2048\p2048_GameProcessor.h">
      <Filter>project_2048</Filter>
    </ClInclude>
    <ClInclude Include="src\p2048\p2048_GameScene.h">
      <Filter>project_2048</Filter>
    </ClInclude>
    <ClInclude Include="src\p2048\p2048_NumberComponent.h">
      <Filter>project_2048</Filter>
    </ClInclude>
    <ClInclude Include="src\p2048\p2048_NumberNode.h">
      <Filter>project_2048</Filter>
    </ClInclude>
    <ClInclude Include="src\p2048\p2048_Stage.h">
      <Filter>project_2048</Filter>
    </ClInclude>
    <ClInclude Include="src\p2048\p2048_StageViewComponent.h">
      <Filter>project_2048</Filter>
    </ClInclude>
    <ClInclude Include="src\p2048\p2048_StageViewNode.h">
      <Filter>project_2048</Filter>
    </ClInclude>
    <ClInclude Include="src\p2048\p2048_TitleScene.h">
      <Filter>project_2048</Filter>
    </ClInclude>
    <ClInclude Include="src\p2048\p2048table_TextureFrameAnimationTable.h">
      <Filter>project_2048</Filter>
    </ClInclude>
    <ClInclude Include="src\p2048\p2048table_TextureTable.h">
      <Filter>project_2048</Filter>
    </ClInclude>
    <ClInclude Include="src\test\test_p2048\test_p2048_stage.h">
      <Filter>test\test_p2048</Filter>
    </ClInclude>
    <ClInclude Include="src\test\test_p2048\test_p2048_stageviewnode.h">
      <Filter>test\test_p2048</Filter>
    </ClInclude>
    <ClInclude Include="src\test\test_p2048\test_p2048_gameprocessor.h">
      <Filter>test\test_p2048</Filter>
    </ClInclude>
    <ClInclude Include="src\test\test_p2048\test_p2048_numbernode.h">
      <Filter>test\test_p2048</Filter>
    </ClInclude>
    <ClInclude Include="src\r2bix\r2base_ColorMaskOption.h">
      <Filter>r2bix\base</Filter>
    </ClInclude>
    <ClInclude Include="src\test\test_r2bix\menu\ColorMenu.h">
      <Filter>test\test_r2bix\menu</Filter>
    </ClInclude>
    <ClInclude Include="src\project_mini_adventure\p_mini_adv_VersionInfo.h">
      <Filter>project_mini_adventure</Filter>
    </ClInclude>
    <ClInclude Include="src\project_mini_adventure\p_mini_adv_GameScene.h">
      <Filter>project_mini_adventure</Filter>
    </ClInclude>
    <ClInclude Include="src\project_mini_adventure\p_mini_adv_CompanyScene.h">
      <Filter>project_mini_adventure</Filter>
    </ClInclude>
    <ClInclude Include="src\r2bix\r2node_LabelMNode.h">
      <Filter>r2bix\node</Filter>
    </ClInclude>
    <ClInclude Include="src\r2bix\r2component_LabelMComponent.h">
      <Filter>r2bix\component</Filter>
    </ClInclude>
    <ClInclude Include="src\r2bix\r2node_LabelSNode.h">
      <Filter>r2bix\node</Filter>
    </ClInclude>
    <ClInclude Include="src\r2bix\r2component_LabelSComponent.h">
      <Filter>r2bix\component</Filter>
    </ClInclude>
    <ClInclude Include="src\r2bix\r2utility_StringSize.h">
      <Filter>r2bix\utility</Filter>
    </ClInclude>
    <ClInclude Include="src\test\test_r2bix\item\utility_test.h">
      <Filter>test\test_r2bix\item</Filter>
    </ClInclude>
    <ClInclude Include="src\test\test_r2bix\R2bixMenu.h">
      <Filter>test\test_r2bix</Filter>
    </ClInclude>
    <ClInclude Include="src\r2bix\r2utility_StringDecomposition.h">
      <Filter>r2bix\utility</Filter>
    </ClInclude>
    <ClInclude Include="src\test\test_miniaudio\MiniAudioMenu.h">
      <Filter>test\test_miniaudio</Filter>
    </ClInclude>
    <ClInclude Include="src\test\TestMenu.h">
      <Filter>test</Filter>
    </ClInclude>
    <ClInclude Include="src\test\test_p2048\P2048Menu.h">
      <Filter>test\test_p2048</Filter>
    </ClInclude>
    <ClInclude Include="external\r2\r2_Assert.h">
      <Filter>external\r2</Filter>
    </ClInclude>
    <ClInclude Include="external\r2\r2_Direction4.h">
      <Filter>external\r2</Filter>
    </ClInclude>
    <ClInclude Include="external\r2\r2_FPSTimer.h">
      <Filter>external\r2</Filter>
    </ClInclude>
    <ClInclude Include="external\r2\r2_GridIndexConverter.h">
      <Filter>external\r2</Filter>
    </ClInclude>
    <ClInclude Include="external\r2\r2_Point.h">
      <Filter>external\r2</Filter>
    </ClInclude>
    <ClInclude Include="external\r2\r2_Point_Float.h">
      <Filter>external\r2</Filter>
    </ClInclude>
    <ClInclude Include="external\r2\r2_Point_Int.h">
      <Filter>external\r2</Filter>
    </ClInclude>
    <ClInclude Include="external\r2\r2_Random.h">
      <Filter>external\r2</Filter>
    </ClInclude>
    <ClInclude Include="external\r2\r2_Rect.h">
      <Filter>external\r2</Filter>
    </ClInclude>
    <ClInclude Include="external\r2\r2_Rect_Int.h">
      <Filter>external\r2</Filter>
    </ClInclude>
    <ClInclude Include="external\r2\r2_Size.h">
      <Filter>external\r2</Filter>
    </ClInclude>
    <ClInclude Include="external\r2\r2_Size_Int.h">
      <Filter>external\r2</Filter>
    </ClInclude>
    <ClInclude Include="external\r2\r2_Timer.h">
      <Filter>external\r2</Filter>
    </ClInclude>
    <ClInclude Include="external\r2\r2_Timer_Float.h">
      <Filter>external\r2</Filter>
    </ClInclude>
    <ClInclude Include="external\r2\r2_UniqueIndex.h">
      <Filter>external\r2</Filter>
    </ClInclude>
    <ClInclude Include="external\r2cm\r2cm_Director.h">
      <Filter>external\r2cm</Filter>
    </ClInclude>
    <ClInclude Include="external\r2cm\r2cm_iItem.h">
      <Filter>external\r2cm</Filter>
    </ClInclude>
    <ClInclude Include="external\r2cm\r2cm_Inspector.h">
      <Filter>external\r2cm</Filter>
    </ClInclude>
    <ClInclude Include="external\r2cm\r2cm_Menu.h">
      <Filter>external\r2cm</Filter>
    </ClInclude>
    <ClInclude Include="external\r2cm\r2cm_ostream.h">
      <Filter>external\r2cm</Filter>
    </ClInclude>
    <ClInclude Include="external\r2cm\r2cm_Singleton.h">
      <Filter>external\r2cm</Filter>
    </ClInclude>
    <ClInclude Include="external\r2cm\r2cm_VersionInfo.h">
      <Filter>external\r2cm</Filter>
    </ClInclude>
    <ClInclude Include="external\r2cm\r2cm_WindowUtility.h">
      <Filter>external\r2cm</Filter>
    </ClInclude>
    <ClInclude Include="external\miniaudio\miniaudio.h">
      <Filter>external\miniaudio</Filter>
    </ClInclude>
    <ClInclude Include="src\r2bix\r2base_iComponent.h">
      <Filter>r2bix\base</Filter>
    </ClInclude>
  </ItemGroup>
</Project>